        "@eslint/js": "^9.37.0",
        "@types/express-validator": "^3.0.2",
        "@typescript-eslint/eslint-plugin": "^8.45.0",
        "@typescript-eslint/parser": "^8.45.0",
        "eslint": "^9.37.0",
        "typescript": "^5.7.3",
        "typescript-eslint": "^8.45.0"
      "version": "0.4.0",
      "resolved": "https://registry.npmjs.org/@eslint/config-helpers/-/config-helpers-0.4.0.tgz",
      "integrity": "sha512-WUFvV4WoIwW8Bv0KeKCIIEgdSiFOsulyN0xrMu+7z43q/hkOLXjvb5u7UC9jDxvRzcrbEmuZBX5yJZz1741jog==",
      "dependencies": {
        "@eslint/core": "^0.16.0"
      },
      "version": "0.16.0",
      "resolved": "https://registry.npmjs.org/@eslint/core/-/core-0.16.0.tgz",
      "integrity": "sha512-nmC8/totwobIiFcGkDza3GIKfAw1+hLiYVrh3I1nIomQ8PEr5cxg34jnkmGawul/ep52wGRAcyeDCNtWKSOj4Q==",
      "version": "9.37.0",
      "resolved": "https://registry.npmjs.org/@eslint/js/-/js-9.37.0.tgz",
      "integrity": "sha512-jaS+NJ+hximswBG6pjNX0uEJZkrT0zwpVi3BA3vX22aFGjJjmgSTSmPpZCRKmoBL5VY/M6p0xsSJx7rk7sy5gg==",
      "version": "0.4.0",
      "resolved": "https://registry.npmjs.org/@eslint/plugin-kit/-/plugin-kit-0.4.0.tgz",
      "integrity": "sha512-sB5uyeq+dwCWyPi31B2gQlVlo+j5brPlWx4yZBrEaRo/nhdDE8Xke1gsGgtiBdaBTxuTkceLVuVt/pclrasb0A==",
        "@eslint/core": "^0.16.0",
      "version": "7.4.7",
      "resolved": "https://registry.npmjs.org/@mui/types/-/types-7.4.7.tgz",
      "integrity": "sha512-8vVje9rdEr1rY8oIkYgP+Su5Kwl6ik7O3jQ0wl78JGSmiZhRHV+vkjooGdKD8pbtZbutXFVTWQYshu2b3sG9zw==",
        "@babel/runtime": "^7.28.4"
    "node_modules/@types/express-validator": {
      "version": "3.0.2",
      "resolved": "https://registry.npmjs.org/@types/express-validator/-/express-validator-3.0.2.tgz",
      "integrity": "sha512-dV+1u6absDDEIVe5jd5ID1XYvPPvOSvggMWh09VYM3TeBjAjBDtwJWyJg/5PnK7s8FRgbOtHgD6oX3N2MKWwDw==",
      "deprecated": "This is a stub types definition. express-validator provides its own type definitions, so you do not need this installed.",
      "dev": true,
      "license": "MIT",
      "dependencies": {
        "express-validator": "*"
      }
    },
      "version": "8.45.0",
      "resolved": "https://registry.npmjs.org/@typescript-eslint/eslint-plugin/-/eslint-plugin-8.45.0.tgz",
      "integrity": "sha512-HC3y9CVuevvWCl/oyZuI47dOeDF9ztdMEfMH8/DW/Mhwa9cCLnK1oD7JoTVGW/u7kFzNZUKUoyJEqkaJh5y3Wg==",
        "@typescript-eslint/scope-manager": "8.45.0",
        "@typescript-eslint/type-utils": "8.45.0",
        "@typescript-eslint/utils": "8.45.0",
        "@typescript-eslint/visitor-keys": "8.45.0",
        "@typescript-eslint/parser": "^8.45.0",
      "version": "8.45.0",
      "resolved": "https://registry.npmjs.org/@typescript-eslint/parser/-/parser-8.45.0.tgz",
      "integrity": "sha512-TGf22kon8KW+DeKaUmOibKWktRY8b2NSAZNdtWh798COm1NWx8+xJ6iFBtk3IvLdv6+LGLJLRlyhrhEDZWargQ==",
        "@typescript-eslint/scope-manager": "8.45.0",
        "@typescript-eslint/types": "8.45.0",
        "@typescript-eslint/typescript-estree": "8.45.0",
        "@typescript-eslint/visitor-keys": "8.45.0",
      "version": "8.45.0",
      "resolved": "https://registry.npmjs.org/@typescript-eslint/project-service/-/project-service-8.45.0.tgz",
      "integrity": "sha512-3pcVHwMG/iA8afdGLMuTibGR7pDsn9RjDev6CCB+naRsSYs2pns5QbinF4Xqw6YC/Sj3lMrm/Im0eMfaa61WUg==",
        "@typescript-eslint/tsconfig-utils": "^8.45.0",
        "@typescript-eslint/types": "^8.45.0",
      "version": "8.45.0",
      "resolved": "https://registry.npmjs.org/@typescript-eslint/scope-manager/-/scope-manager-8.45.0.tgz",
      "integrity": "sha512-clmm8XSNj/1dGvJeO6VGH7EUSeA0FMs+5au/u3lrA3KfG8iJ4u8ym9/j2tTEoacAffdW1TVUzXO30W1JTJS7dA==",
        "@typescript-eslint/types": "8.45.0",
        "@typescript-eslint/visitor-keys": "8.45.0"
      "version": "8.45.0",
      "resolved": "https://registry.npmjs.org/@typescript-eslint/tsconfig-utils/-/tsconfig-utils-8.45.0.tgz",
      "integrity": "sha512-aFdr+c37sc+jqNMGhH+ajxPXwjv9UtFZk79k8pLoJ6p4y0snmYpPA52GuWHgt2ZF4gRRW6odsEj41uZLojDt5w==",
      "version": "8.45.0",
      "resolved": "https://registry.npmjs.org/@typescript-eslint/type-utils/-/type-utils-8.45.0.tgz",
      "integrity": "sha512-bpjepLlHceKgyMEPglAeULX1vixJDgaKocp0RVJ5u4wLJIMNuKtUXIczpJCPcn2waII0yuvks/5m5/h3ZQKs0A==",
        "@typescript-eslint/types": "8.45.0",
        "@typescript-eslint/typescript-estree": "8.45.0",
        "@typescript-eslint/utils": "8.45.0",
      "version": "8.45.0",
      "resolved": "https://registry.npmjs.org/@typescript-eslint/types/-/types-8.45.0.tgz",
      "integrity": "sha512-WugXLuOIq67BMgQInIxxnsSyRLFxdkJEJu8r4ngLR56q/4Q5LrbfkFRH27vMTjxEK8Pyz7QfzuZe/G15qQnVRA==",
      "version": "8.45.0",
      "resolved": "https://registry.npmjs.org/@typescript-eslint/typescript-estree/-/typescript-estree-8.45.0.tgz",
      "integrity": "sha512-GfE1NfVbLam6XQ0LcERKwdTTPlLvHvXXhOeUGC1OXi4eQBoyy1iVsW+uzJ/J9jtCz6/7GCQ9MtrQ0fml/jWCnA==",
        "@typescript-eslint/project-service": "8.45.0",
        "@typescript-eslint/tsconfig-utils": "8.45.0",
        "@typescript-eslint/types": "8.45.0",
        "@typescript-eslint/visitor-keys": "8.45.0",
      "version": "8.45.0",
      "resolved": "https://registry.npmjs.org/@typescript-eslint/utils/-/utils-8.45.0.tgz",
      "integrity": "sha512-bxi1ht+tLYg4+XV2knz/F7RVhU0k6VrSMc9sb8DQ6fyCTrGQLHfo7lDtN0QJjZjKkLA2ThrKuCdHEvLReqtIGg==",
        "@typescript-eslint/scope-manager": "8.45.0",
        "@typescript-eslint/types": "8.45.0",
        "@typescript-eslint/typescript-estree": "8.45.0"
      "version": "8.45.0",
      "resolved": "https://registry.npmjs.org/@typescript-eslint/visitor-keys/-/visitor-keys-8.45.0.tgz",
      "integrity": "sha512-qsaFBA3e09MIDAGFUrTk+dzqtfv1XPVz8t8d1f0ybTzrCY7BKiMC5cjrl1O/P7UmHsNyW90EYSkU/ZWpmXelag==",
        "@typescript-eslint/types": "8.45.0",
      "version": "9.37.0",
      "resolved": "https://registry.npmjs.org/eslint/-/eslint-9.37.0.tgz",
      "integrity": "sha512-XyLmROnACWqSxiGYArdef1fItQd47weqB7iwtfr9JHwRrqIXZdcFMvvEcL9xHCmL0SNsOvF0c42lWyM1U5dgig==",
        "@eslint/config-helpers": "^0.4.0",
        "@eslint/core": "^0.16.0",
        "@eslint/js": "9.37.0",
        "@eslint/plugin-kit": "^0.4.0",
    "node_modules/express-validator": {
      "version": "7.2.1",
      "resolved": "https://registry.npmjs.org/express-validator/-/express-validator-7.2.1.tgz",
      "integrity": "sha512-CjNE6aakfpuwGaHQZ3m8ltCG2Qvivd7RHtVMS/6nVxOM7xVGqr4bhflsm4+N5FP5zI7Zxp+Hae+9RE+o8e3ZOQ==",
      "dev": true,
      "license": "MIT",
      "dependencies": {
        "lodash": "^4.17.21",
        "validator": "~13.12.0"
      },
      "engines": {
        "node": ">= 8.0.0"
      }
    },
      "version": "0.30.19",
      "resolved": "https://registry.npmjs.org/magic-string/-/magic-string-0.30.19.tgz",
      "integrity": "sha512-2N21sPY9Ws53PZvsEpVtNuSW+ScYbQdp4b9qUaL+9QkHUrGFKo56Lg9Emg5s9V/qrtNBmiR01sYhUOwu3H+VOw==",
      "version": "8.45.0",
      "resolved": "https://registry.npmjs.org/typescript-eslint/-/typescript-eslint-8.45.0.tgz",
      "integrity": "sha512-qzDmZw/Z5beNLUrXfd0HIW6MzIaAV5WNDxmMs9/3ojGOpYavofgNAAD/nC6tGV2PczIi0iw8vot2eAe/sBn7zg==",
        "@typescript-eslint/eslint-plugin": "8.45.0",
        "@typescript-eslint/parser": "8.45.0",
        "@typescript-eslint/typescript-estree": "8.45.0",
        "@typescript-eslint/utils": "8.45.0"
    "node_modules/validator": {
      "version": "13.12.0",
      "resolved": "https://registry.npmjs.org/validator/-/validator-13.12.0.tgz",
      "integrity": "sha512-c1Q0mCiPlgdTVVVIJIrBuxNicYE+t/7oKeI9MWLj3fh/uq2Pxh/3eeWbVZ4OcGW1TUf53At0njHw5SMdA3tmMg==",
      "dev": true,
      "license": "MIT",
      "engines": {
        "node": ">= 0.10"
      }
    },
