        "@eslint/js": "^9.37.0",
        "@typescript-eslint/eslint-plugin": "^8.46.0",
        "@typescript-eslint/parser": "^8.46.0",
        "eslint": "^9.37.0",
      "version": "0.4.0",
      "resolved": "https://registry.npmjs.org/@eslint/config-helpers/-/config-helpers-0.4.0.tgz",
      "integrity": "sha512-WUFvV4WoIwW8Bv0KeKCIIEgdSiFOsulyN0xrMu+7z43q/hkOLXjvb5u7UC9jDxvRzcrbEmuZBX5yJZz1741jog==",
      "dependencies": {
        "@eslint/core": "^0.16.0"
      },
      "version": "0.16.0",
      "resolved": "https://registry.npmjs.org/@eslint/core/-/core-0.16.0.tgz",
      "integrity": "sha512-nmC8/totwobIiFcGkDza3GIKfAw1+hLiYVrh3I1nIomQ8PEr5cxg34jnkmGawul/ep52wGRAcyeDCNtWKSOj4Q==",
      "version": "9.37.0",
      "resolved": "https://registry.npmjs.org/@eslint/js/-/js-9.37.0.tgz",
      "integrity": "sha512-jaS+NJ+hximswBG6pjNX0uEJZkrT0zwpVi3BA3vX22aFGjJjmgSTSmPpZCRKmoBL5VY/M6p0xsSJx7rk7sy5gg==",
      "version": "0.4.0",
      "resolved": "https://registry.npmjs.org/@eslint/plugin-kit/-/plugin-kit-0.4.0.tgz",
      "integrity": "sha512-sB5uyeq+dwCWyPi31B2gQlVlo+j5brPlWx4yZBrEaRo/nhdDE8Xke1gsGgtiBdaBTxuTkceLVuVt/pclrasb0A==",
        "@eslint/core": "^0.16.0",
      "version": "7.4.7",
      "resolved": "https://registry.npmjs.org/@mui/types/-/types-7.4.7.tgz",
      "integrity": "sha512-8vVje9rdEr1rY8oIkYgP+Su5Kwl6ik7O3jQ0wl78JGSmiZhRHV+vkjooGdKD8pbtZbutXFVTWQYshu2b3sG9zw==",
        "@babel/runtime": "^7.28.4"
      "version": "8.46.0",
      "resolved": "https://registry.npmjs.org/@typescript-eslint/eslint-plugin/-/eslint-plugin-8.46.0.tgz",
      "integrity": "sha512-hA8gxBq4ukonVXPy0OKhiaUh/68D0E88GSmtC1iAEnGaieuDi38LhS7jdCHRLi6ErJBNDGCzvh5EnzdPwUc0DA==",
        "@typescript-eslint/scope-manager": "8.46.0",
        "@typescript-eslint/type-utils": "8.46.0",
        "@typescript-eslint/utils": "8.46.0",
        "@typescript-eslint/visitor-keys": "8.46.0",
        "@typescript-eslint/parser": "^8.46.0",
        "eslint": "^8.57.0 || ^9.0.0",
        "typescript": ">=4.8.4 <6.0.0"
      }
    },
    "node_modules/@typescript-eslint/eslint-plugin/node_modules/@typescript-eslint/project-service": {
      "version": "8.46.0",
      "resolved": "https://registry.npmjs.org/@typescript-eslint/project-service/-/project-service-8.46.0.tgz",
      "integrity": "sha512-OEhec0mH+U5Je2NZOeK1AbVCdm0ChyapAyTeXVIYTPXDJ3F07+cu87PPXcGoYqZ7M9YJVvFnfpGg1UmCIqM+QQ==",
      "dev": true,
      "license": "MIT",
      "dependencies": {
        "@typescript-eslint/tsconfig-utils": "^8.46.0",
        "@typescript-eslint/types": "^8.46.0",
        "debug": "^4.3.4"
      },
      "engines": {
        "node": "^18.18.0 || ^20.9.0 || >=21.1.0"
      },
      "funding": {
        "type": "opencollective",
        "url": "https://opencollective.com/typescript-eslint"
      },
      "peerDependencies": {
        "typescript": ">=4.8.4 <6.0.0"
      }
    },
    "node_modules/@typescript-eslint/eslint-plugin/node_modules/@typescript-eslint/scope-manager": {
      "version": "8.46.0",
      "resolved": "https://registry.npmjs.org/@typescript-eslint/scope-manager/-/scope-manager-8.46.0.tgz",
      "integrity": "sha512-lWETPa9XGcBes4jqAMYD9fW0j4n6hrPtTJwWDmtqgFO/4HF4jmdH/Q6wggTw5qIT5TXjKzbt7GsZUBnWoO3dqw==",
      "dev": true,
      "license": "MIT",
      "dependencies": {
        "@typescript-eslint/types": "8.46.0",
        "@typescript-eslint/visitor-keys": "8.46.0"
      },
      "engines": {
        "node": "^18.18.0 || ^20.9.0 || >=21.1.0"
      },
      "funding": {
        "type": "opencollective",
        "url": "https://opencollective.com/typescript-eslint"
      }
    },
    "node_modules/@typescript-eslint/eslint-plugin/node_modules/@typescript-eslint/tsconfig-utils": {
      "version": "8.46.0",
      "resolved": "https://registry.npmjs.org/@typescript-eslint/tsconfig-utils/-/tsconfig-utils-8.46.0.tgz",
      "integrity": "sha512-WrYXKGAHY836/N7zoK/kzi6p8tXFhasHh8ocFL9VZSAkvH956gfeRfcnhs3xzRy8qQ/dq3q44v1jvQieMFg2cw==",
      "dev": true,
      "license": "MIT",
      "engines": {
        "node": "^18.18.0 || ^20.9.0 || >=21.1.0"
      },
      "funding": {
        "type": "opencollective",
        "url": "https://opencollective.com/typescript-eslint"
      },
      "peerDependencies": {
        "typescript": ">=4.8.4 <6.0.0"
      }
    },
    "node_modules/@typescript-eslint/eslint-plugin/node_modules/@typescript-eslint/types": {
      "version": "8.46.0",
      "resolved": "https://registry.npmjs.org/@typescript-eslint/types/-/types-8.46.0.tgz",
      "integrity": "sha512-bHGGJyVjSE4dJJIO5yyEWt/cHyNwga/zXGJbJJ8TiO01aVREK6gCTu3L+5wrkb1FbDkQ+TKjMNe9R/QQQP9+rA==",
      "dev": true,
      "license": "MIT",
      "engines": {
        "node": "^18.18.0 || ^20.9.0 || >=21.1.0"
      },
      "funding": {
        "type": "opencollective",
        "url": "https://opencollective.com/typescript-eslint"
      }
    },
    "node_modules/@typescript-eslint/eslint-plugin/node_modules/@typescript-eslint/typescript-estree": {
      "version": "8.46.0",
      "resolved": "https://registry.npmjs.org/@typescript-eslint/typescript-estree/-/typescript-estree-8.46.0.tgz",
      "integrity": "sha512-ekDCUfVpAKWJbRfm8T1YRrCot1KFxZn21oV76v5Fj4tr7ELyk84OS+ouvYdcDAwZL89WpEkEj2DKQ+qg//+ucg==",
      "dev": true,
      "license": "MIT",
      "dependencies": {
        "@typescript-eslint/project-service": "8.46.0",
        "@typescript-eslint/tsconfig-utils": "8.46.0",
        "@typescript-eslint/types": "8.46.0",
        "@typescript-eslint/visitor-keys": "8.46.0",
        "debug": "^4.3.4",
        "fast-glob": "^3.3.2",
        "is-glob": "^4.0.3",
        "minimatch": "^9.0.4",
        "semver": "^7.6.0",
        "ts-api-utils": "^2.1.0"
      },
      "engines": {
        "node": "^18.18.0 || ^20.9.0 || >=21.1.0"
      },
      "funding": {
        "type": "opencollective",
        "url": "https://opencollective.com/typescript-eslint"
      },
      "peerDependencies": {
        "typescript": ">=4.8.4 <6.0.0"
      }
    },
    "node_modules/@typescript-eslint/eslint-plugin/node_modules/@typescript-eslint/utils": {
      "version": "8.46.0",
      "resolved": "https://registry.npmjs.org/@typescript-eslint/utils/-/utils-8.46.0.tgz",
      "integrity": "sha512-nD6yGWPj1xiOm4Gk0k6hLSZz2XkNXhuYmyIrOWcHoPuAhjT9i5bAG+xbWPgFeNR8HPHHtpNKdYUXJl/D3x7f5g==",
      "dev": true,
      "license": "MIT",
      "dependencies": {
        "@eslint-community/eslint-utils": "^4.7.0",
        "@typescript-eslint/scope-manager": "8.46.0",
        "@typescript-eslint/types": "8.46.0",
        "@typescript-eslint/typescript-estree": "8.46.0"
      },
      "engines": {
        "node": "^18.18.0 || ^20.9.0 || >=21.1.0"
      },
      "funding": {
        "type": "opencollective",
        "url": "https://opencollective.com/typescript-eslint"
      },
      "peerDependencies": {
    "node_modules/@typescript-eslint/eslint-plugin/node_modules/@typescript-eslint/visitor-keys": {
      "version": "8.46.0",
      "resolved": "https://registry.npmjs.org/@typescript-eslint/visitor-keys/-/visitor-keys-8.46.0.tgz",
      "integrity": "sha512-FrvMpAK+hTbFy7vH5j1+tMYHMSKLE6RzluFJlkFNKD0p9YsUT75JlBSmr5so3QRzvMwU5/bIEdeNrxm8du8l3Q==",
      "dev": true,
      "license": "MIT",
      "dependencies": {
        "@typescript-eslint/types": "8.46.0",
        "eslint-visitor-keys": "^4.2.1"
      },
      "engines": {
        "node": "^18.18.0 || ^20.9.0 || >=21.1.0"
      },
      "funding": {
        "type": "opencollective",
        "url": "https://opencollective.com/typescript-eslint"
      }
    },
    "node_modules/@typescript-eslint/eslint-plugin/node_modules/eslint-visitor-keys": {
      "version": "4.2.1",
      "resolved": "https://registry.npmjs.org/eslint-visitor-keys/-/eslint-visitor-keys-4.2.1.tgz",
      "integrity": "sha512-Uhdk5sfqcee/9H/rCOJikYz67o0a2Tw2hGRPOG2Y1R2dg7brRe1uG0yaNQDHu+TO/uQPF/5eCapvYSmHUjt7JQ==",
      "dev": true,
      "license": "Apache-2.0",
      "engines": {
        "node": "^18.18.0 || ^20.9.0 || >=21.1.0"
      },
      "funding": {
        "url": "https://opencollective.com/eslint"
      }
    },
    "node_modules/@typescript-eslint/eslint-plugin/node_modules/semver": {
      "version": "7.7.3",
      "resolved": "https://registry.npmjs.org/semver/-/semver-7.7.3.tgz",
      "integrity": "sha512-SdsKMrI9TdgjdweUSR9MweHA4EJ8YxHn8DFaDisvhVlUOe4BF1tLD7GAj0lIqWVl+dPb/rExr0Btby5loQm20Q==",
      "dev": true,
      "license": "ISC",
      "bin": {
        "semver": "bin/semver.js"
      },
      "engines": {
        "node": ">=10"
      }
    },
      "version": "8.46.0",
      "resolved": "https://registry.npmjs.org/@typescript-eslint/parser/-/parser-8.46.0.tgz",
      "integrity": "sha512-n1H6IcDhmmUEG7TNVSspGmiHHutt7iVKtZwRppD7e04wha5MrkV1h3pti9xQLcCMt6YWsncpoT0HMjkH1FNwWQ==",
        "@typescript-eslint/scope-manager": "8.46.0",
        "@typescript-eslint/types": "8.46.0",
        "@typescript-eslint/typescript-estree": "8.46.0",
        "@typescript-eslint/visitor-keys": "8.46.0",
    "node_modules/@typescript-eslint/parser/node_modules/@typescript-eslint/project-service": {
      "version": "8.46.0",
      "resolved": "https://registry.npmjs.org/@typescript-eslint/project-service/-/project-service-8.46.0.tgz",
      "integrity": "sha512-OEhec0mH+U5Je2NZOeK1AbVCdm0ChyapAyTeXVIYTPXDJ3F07+cu87PPXcGoYqZ7M9YJVvFnfpGg1UmCIqM+QQ==",
      "dev": true,
      "license": "MIT",
      "dependencies": {
        "@typescript-eslint/tsconfig-utils": "^8.46.0",
        "@typescript-eslint/types": "^8.46.0",
        "debug": "^4.3.4"
      },
      "engines": {
        "node": "^18.18.0 || ^20.9.0 || >=21.1.0"
      },
      "funding": {
        "type": "opencollective",
        "url": "https://opencollective.com/typescript-eslint"
      },
      "peerDependencies": {
        "typescript": ">=4.8.4 <6.0.0"
      }
    },
    "node_modules/@typescript-eslint/parser/node_modules/@typescript-eslint/scope-manager": {
      "version": "8.46.0",
      "resolved": "https://registry.npmjs.org/@typescript-eslint/scope-manager/-/scope-manager-8.46.0.tgz",
      "integrity": "sha512-lWETPa9XGcBes4jqAMYD9fW0j4n6hrPtTJwWDmtqgFO/4HF4jmdH/Q6wggTw5qIT5TXjKzbt7GsZUBnWoO3dqw==",
      "dev": true,
      "license": "MIT",
      "dependencies": {
        "@typescript-eslint/types": "8.46.0",
        "@typescript-eslint/visitor-keys": "8.46.0"
      },
      "engines": {
        "node": "^18.18.0 || ^20.9.0 || >=21.1.0"
      },
      "funding": {
        "type": "opencollective",
        "url": "https://opencollective.com/typescript-eslint"
      }
    },
    "node_modules/@typescript-eslint/parser/node_modules/@typescript-eslint/tsconfig-utils": {
      "version": "8.46.0",
      "resolved": "https://registry.npmjs.org/@typescript-eslint/tsconfig-utils/-/tsconfig-utils-8.46.0.tgz",
      "integrity": "sha512-WrYXKGAHY836/N7zoK/kzi6p8tXFhasHh8ocFL9VZSAkvH956gfeRfcnhs3xzRy8qQ/dq3q44v1jvQieMFg2cw==",
      "dev": true,
      "license": "MIT",
      "engines": {
        "node": "^18.18.0 || ^20.9.0 || >=21.1.0"
      },
      "funding": {
        "type": "opencollective",
        "url": "https://opencollective.com/typescript-eslint"
      },
      "peerDependencies": {
        "typescript": ">=4.8.4 <6.0.0"
      }
    },
    "node_modules/@typescript-eslint/parser/node_modules/@typescript-eslint/types": {
      "version": "8.46.0",
      "resolved": "https://registry.npmjs.org/@typescript-eslint/types/-/types-8.46.0.tgz",
      "integrity": "sha512-bHGGJyVjSE4dJJIO5yyEWt/cHyNwga/zXGJbJJ8TiO01aVREK6gCTu3L+5wrkb1FbDkQ+TKjMNe9R/QQQP9+rA==",
      "dev": true,
      "license": "MIT",
      "engines": {
        "node": "^18.18.0 || ^20.9.0 || >=21.1.0"
      },
      "funding": {
        "type": "opencollective",
        "url": "https://opencollective.com/typescript-eslint"
      }
    },
    "node_modules/@typescript-eslint/parser/node_modules/@typescript-eslint/typescript-estree": {
      "version": "8.46.0",
      "resolved": "https://registry.npmjs.org/@typescript-eslint/typescript-estree/-/typescript-estree-8.46.0.tgz",
      "integrity": "sha512-ekDCUfVpAKWJbRfm8T1YRrCot1KFxZn21oV76v5Fj4tr7ELyk84OS+ouvYdcDAwZL89WpEkEj2DKQ+qg//+ucg==",
      "dev": true,
      "license": "MIT",
      "dependencies": {
        "@typescript-eslint/project-service": "8.46.0",
        "@typescript-eslint/tsconfig-utils": "8.46.0",
        "@typescript-eslint/types": "8.46.0",
        "@typescript-eslint/visitor-keys": "8.46.0",
        "debug": "^4.3.4",
        "fast-glob": "^3.3.2",
        "is-glob": "^4.0.3",
        "minimatch": "^9.0.4",
        "semver": "^7.6.0",
        "ts-api-utils": "^2.1.0"
      },
      "engines": {
        "node": "^18.18.0 || ^20.9.0 || >=21.1.0"
      },
      "funding": {
        "type": "opencollective",
        "url": "https://opencollective.com/typescript-eslint"
      },
      "peerDependencies": {
        "typescript": ">=4.8.4 <6.0.0"
      }
    },
    "node_modules/@typescript-eslint/parser/node_modules/@typescript-eslint/visitor-keys": {
      "version": "8.46.0",
      "resolved": "https://registry.npmjs.org/@typescript-eslint/visitor-keys/-/visitor-keys-8.46.0.tgz",
      "integrity": "sha512-FrvMpAK+hTbFy7vH5j1+tMYHMSKLE6RzluFJlkFNKD0p9YsUT75JlBSmr5so3QRzvMwU5/bIEdeNrxm8du8l3Q==",
      "dev": true,
      "license": "MIT",
      "dependencies": {
        "@typescript-eslint/types": "8.46.0",
        "eslint-visitor-keys": "^4.2.1"
      },
      "engines": {
        "node": "^18.18.0 || ^20.9.0 || >=21.1.0"
      },
      "funding": {
        "type": "opencollective",
        "url": "https://opencollective.com/typescript-eslint"
      }
    },
    "node_modules/@typescript-eslint/parser/node_modules/eslint-visitor-keys": {
      "version": "4.2.1",
      "resolved": "https://registry.npmjs.org/eslint-visitor-keys/-/eslint-visitor-keys-4.2.1.tgz",
      "integrity": "sha512-Uhdk5sfqcee/9H/rCOJikYz67o0a2Tw2hGRPOG2Y1R2dg7brRe1uG0yaNQDHu+TO/uQPF/5eCapvYSmHUjt7JQ==",
      "dev": true,
      "license": "Apache-2.0",
      "engines": {
        "node": "^18.18.0 || ^20.9.0 || >=21.1.0"
      },
      "funding": {
        "url": "https://opencollective.com/eslint"
      }
    },
    "node_modules/@typescript-eslint/parser/node_modules/semver": {
      "version": "7.7.3",
      "resolved": "https://registry.npmjs.org/semver/-/semver-7.7.3.tgz",
      "integrity": "sha512-SdsKMrI9TdgjdweUSR9MweHA4EJ8YxHn8DFaDisvhVlUOe4BF1tLD7GAj0lIqWVl+dPb/rExr0Btby5loQm20Q==",
      "dev": true,
      "license": "ISC",
      "bin": {
        "semver": "bin/semver.js"
      },
      "engines": {
        "node": ">=10"
      }
    },
      "version": "8.46.0",
      "resolved": "https://registry.npmjs.org/@typescript-eslint/type-utils/-/type-utils-8.46.0.tgz",
      "integrity": "sha512-hy+lvYV1lZpVs2jRaEYvgCblZxUoJiPyCemwbQZ+NGulWkQRy0HRPYAoef/CNSzaLt+MLvMptZsHXHlkEilaeg==",
        "@typescript-eslint/types": "8.46.0",
        "@typescript-eslint/typescript-estree": "8.46.0",
        "@typescript-eslint/utils": "8.46.0",
    "node_modules/@typescript-eslint/type-utils/node_modules/@typescript-eslint/project-service": {
      "version": "8.46.0",
      "resolved": "https://registry.npmjs.org/@typescript-eslint/project-service/-/project-service-8.46.0.tgz",
      "integrity": "sha512-OEhec0mH+U5Je2NZOeK1AbVCdm0ChyapAyTeXVIYTPXDJ3F07+cu87PPXcGoYqZ7M9YJVvFnfpGg1UmCIqM+QQ==",
      "dev": true,
      "license": "MIT",
      "dependencies": {
        "@typescript-eslint/tsconfig-utils": "^8.46.0",
        "@typescript-eslint/types": "^8.46.0",
        "debug": "^4.3.4"
      },
      "engines": {
        "node": "^18.18.0 || ^20.9.0 || >=21.1.0"
      },
      "funding": {
        "type": "opencollective",
        "url": "https://opencollective.com/typescript-eslint"
      },
      "peerDependencies": {
        "typescript": ">=4.8.4 <6.0.0"
      }
    },
    "node_modules/@typescript-eslint/type-utils/node_modules/@typescript-eslint/scope-manager": {
      "version": "8.46.0",
      "resolved": "https://registry.npmjs.org/@typescript-eslint/scope-manager/-/scope-manager-8.46.0.tgz",
      "integrity": "sha512-lWETPa9XGcBes4jqAMYD9fW0j4n6hrPtTJwWDmtqgFO/4HF4jmdH/Q6wggTw5qIT5TXjKzbt7GsZUBnWoO3dqw==",
      "dev": true,
      "license": "MIT",
      "dependencies": {
        "@typescript-eslint/types": "8.46.0",
        "@typescript-eslint/visitor-keys": "8.46.0"
      },
      "engines": {
        "node": "^18.18.0 || ^20.9.0 || >=21.1.0"
      },
      "funding": {
        "type": "opencollective",
        "url": "https://opencollective.com/typescript-eslint"
      }
    },
    "node_modules/@typescript-eslint/type-utils/node_modules/@typescript-eslint/tsconfig-utils": {
      "version": "8.46.0",
      "resolved": "https://registry.npmjs.org/@typescript-eslint/tsconfig-utils/-/tsconfig-utils-8.46.0.tgz",
      "integrity": "sha512-WrYXKGAHY836/N7zoK/kzi6p8tXFhasHh8ocFL9VZSAkvH956gfeRfcnhs3xzRy8qQ/dq3q44v1jvQieMFg2cw==",
      "dev": true,
      "license": "MIT",
      "engines": {
        "node": "^18.18.0 || ^20.9.0 || >=21.1.0"
      },
      "funding": {
        "type": "opencollective",
        "url": "https://opencollective.com/typescript-eslint"
      },
      "peerDependencies": {
        "typescript": ">=4.8.4 <6.0.0"
      }
    },
    "node_modules/@typescript-eslint/type-utils/node_modules/@typescript-eslint/types": {
      "version": "8.46.0",
      "resolved": "https://registry.npmjs.org/@typescript-eslint/types/-/types-8.46.0.tgz",
      "integrity": "sha512-bHGGJyVjSE4dJJIO5yyEWt/cHyNwga/zXGJbJJ8TiO01aVREK6gCTu3L+5wrkb1FbDkQ+TKjMNe9R/QQQP9+rA==",
      "dev": true,
      "license": "MIT",
      "engines": {
        "node": "^18.18.0 || ^20.9.0 || >=21.1.0"
      },
      "funding": {
        "type": "opencollective",
        "url": "https://opencollective.com/typescript-eslint"
      }
    },
    "node_modules/@typescript-eslint/type-utils/node_modules/@typescript-eslint/typescript-estree": {
      "version": "8.46.0",
      "resolved": "https://registry.npmjs.org/@typescript-eslint/typescript-estree/-/typescript-estree-8.46.0.tgz",
      "integrity": "sha512-ekDCUfVpAKWJbRfm8T1YRrCot1KFxZn21oV76v5Fj4tr7ELyk84OS+ouvYdcDAwZL89WpEkEj2DKQ+qg//+ucg==",
      "dev": true,
      "license": "MIT",
      "dependencies": {
        "@typescript-eslint/project-service": "8.46.0",
        "@typescript-eslint/tsconfig-utils": "8.46.0",
        "@typescript-eslint/types": "8.46.0",
        "@typescript-eslint/visitor-keys": "8.46.0",
        "debug": "^4.3.4",
        "fast-glob": "^3.3.2",
        "is-glob": "^4.0.3",
        "minimatch": "^9.0.4",
        "semver": "^7.6.0",
        "ts-api-utils": "^2.1.0"
      },
      "engines": {
        "node": "^18.18.0 || ^20.9.0 || >=21.1.0"
      },
      "funding": {
        "type": "opencollective",
        "url": "https://opencollective.com/typescript-eslint"
      },
      "peerDependencies": {
        "typescript": ">=4.8.4 <6.0.0"
      }
    },
    "node_modules/@typescript-eslint/type-utils/node_modules/@typescript-eslint/utils": {
      "version": "8.46.0",
      "resolved": "https://registry.npmjs.org/@typescript-eslint/utils/-/utils-8.46.0.tgz",
      "integrity": "sha512-nD6yGWPj1xiOm4Gk0k6hLSZz2XkNXhuYmyIrOWcHoPuAhjT9i5bAG+xbWPgFeNR8HPHHtpNKdYUXJl/D3x7f5g==",
      "dev": true,
      "license": "MIT",
      "dependencies": {
        "@eslint-community/eslint-utils": "^4.7.0",
        "@typescript-eslint/scope-manager": "8.46.0",
        "@typescript-eslint/types": "8.46.0",
        "@typescript-eslint/typescript-estree": "8.46.0"
      },
      "engines": {
        "node": "^18.18.0 || ^20.9.0 || >=21.1.0"
      },
      "funding": {
        "type": "opencollective",
        "url": "https://opencollective.com/typescript-eslint"
      },
      "peerDependencies": {
        "eslint": "^8.57.0 || ^9.0.0",
        "typescript": ">=4.8.4 <6.0.0"
      }
    },
    "node_modules/@typescript-eslint/type-utils/node_modules/@typescript-eslint/visitor-keys": {
      "version": "8.46.0",
      "resolved": "https://registry.npmjs.org/@typescript-eslint/visitor-keys/-/visitor-keys-8.46.0.tgz",
      "integrity": "sha512-FrvMpAK+hTbFy7vH5j1+tMYHMSKLE6RzluFJlkFNKD0p9YsUT75JlBSmr5so3QRzvMwU5/bIEdeNrxm8du8l3Q==",
      "dev": true,
      "license": "MIT",
      "dependencies": {
        "@typescript-eslint/types": "8.46.0",
        "eslint-visitor-keys": "^4.2.1"
      },
      "engines": {
        "node": "^18.18.0 || ^20.9.0 || >=21.1.0"
      },
      "funding": {
        "type": "opencollective",
        "url": "https://opencollective.com/typescript-eslint"
      }
    },
    "node_modules/@typescript-eslint/type-utils/node_modules/eslint-visitor-keys": {
      "version": "4.2.1",
      "resolved": "https://registry.npmjs.org/eslint-visitor-keys/-/eslint-visitor-keys-4.2.1.tgz",
      "integrity": "sha512-Uhdk5sfqcee/9H/rCOJikYz67o0a2Tw2hGRPOG2Y1R2dg7brRe1uG0yaNQDHu+TO/uQPF/5eCapvYSmHUjt7JQ==",
      "dev": true,
      "license": "Apache-2.0",
      "engines": {
        "node": "^18.18.0 || ^20.9.0 || >=21.1.0"
      },
      "funding": {
        "url": "https://opencollective.com/eslint"
      }
    },
    "node_modules/@typescript-eslint/type-utils/node_modules/semver": {
      "version": "7.7.3",
      "resolved": "https://registry.npmjs.org/semver/-/semver-7.7.3.tgz",
      "integrity": "sha512-SdsKMrI9TdgjdweUSR9MweHA4EJ8YxHn8DFaDisvhVlUOe4BF1tLD7GAj0lIqWVl+dPb/rExr0Btby5loQm20Q==",
      "dev": true,
      "license": "ISC",
      "bin": {
        "semver": "bin/semver.js"
      },
      "engines": {
        "node": ">=10"
      }
    },
      "version": "9.37.0",
      "resolved": "https://registry.npmjs.org/eslint/-/eslint-9.37.0.tgz",
      "integrity": "sha512-XyLmROnACWqSxiGYArdef1fItQd47weqB7iwtfr9JHwRrqIXZdcFMvvEcL9xHCmL0SNsOvF0c42lWyM1U5dgig==",
        "@eslint/config-helpers": "^0.4.0",
        "@eslint/core": "^0.16.0",
        "@eslint/js": "9.37.0",
        "@eslint/plugin-kit": "^0.4.0",
      "version": "0.30.19",
      "resolved": "https://registry.npmjs.org/magic-string/-/magic-string-0.30.19.tgz",
      "integrity": "sha512-2N21sPY9Ws53PZvsEpVtNuSW+ScYbQdp4b9qUaL+9QkHUrGFKo56Lg9Emg5s9V/qrtNBmiR01sYhUOwu3H+VOw==",
    "node_modules/typescript-eslint/node_modules/@typescript-eslint/eslint-plugin": {
      "version": "8.42.0",
      "resolved": "https://registry.npmjs.org/@typescript-eslint/eslint-plugin/-/eslint-plugin-8.42.0.tgz",
      "integrity": "sha512-Aq2dPqsQkxHOLfb2OPv43RnIvfj05nw8v/6n3B2NABIPpHnjQnaLo9QGMTvml+tv4korl/Cjfrb/BYhoL8UUTQ==",
      "dev": true,
      "license": "MIT",
      "dependencies": {
        "@eslint-community/regexpp": "^4.10.0",
        "@typescript-eslint/scope-manager": "8.42.0",
        "@typescript-eslint/type-utils": "8.42.0",
        "@typescript-eslint/utils": "8.42.0",
        "@typescript-eslint/visitor-keys": "8.42.0",
        "graphemer": "^1.4.0",
        "ignore": "^7.0.0",
        "natural-compare": "^1.4.0",
        "ts-api-utils": "^2.1.0"
      },
      "engines": {
        "node": "^18.18.0 || ^20.9.0 || >=21.1.0"
      },
      "funding": {
        "type": "opencollective",
        "url": "https://opencollective.com/typescript-eslint"
      },
      "peerDependencies": {
        "@typescript-eslint/parser": "^8.42.0",
        "eslint": "^8.57.0 || ^9.0.0",
        "typescript": ">=4.8.4 <6.0.0"
      }
    },
    "node_modules/typescript-eslint/node_modules/@typescript-eslint/parser": {
      "version": "8.42.0",
      "resolved": "https://registry.npmjs.org/@typescript-eslint/parser/-/parser-8.42.0.tgz",
      "integrity": "sha512-r1XG74QgShUgXph1BYseJ+KZd17bKQib/yF3SR+demvytiRXrwd12Blnz5eYGm8tXaeRdd4x88MlfwldHoudGg==",
      "dev": true,
      "license": "MIT",
      "dependencies": {
        "@typescript-eslint/scope-manager": "8.42.0",
        "@typescript-eslint/types": "8.42.0",
        "@typescript-eslint/typescript-estree": "8.42.0",
        "@typescript-eslint/visitor-keys": "8.42.0",
        "debug": "^4.3.4"
      },
      "engines": {
        "node": "^18.18.0 || ^20.9.0 || >=21.1.0"
      },
      "funding": {
        "type": "opencollective",
        "url": "https://opencollective.com/typescript-eslint"
      },
      "peerDependencies": {
        "eslint": "^8.57.0 || ^9.0.0",
        "typescript": ">=4.8.4 <6.0.0"
      }
    },
    "node_modules/typescript-eslint/node_modules/@typescript-eslint/type-utils": {
      "version": "8.42.0",
      "resolved": "https://registry.npmjs.org/@typescript-eslint/type-utils/-/type-utils-8.42.0.tgz",
      "integrity": "sha512-9KChw92sbPTYVFw3JLRH1ockhyR3zqqn9lQXol3/YbI6jVxzWoGcT3AsAW0mu1MY0gYtsXnUGV/AKpkAj5tVlQ==",
      "dev": true,
      "license": "MIT",
      "dependencies": {
        "@typescript-eslint/types": "8.42.0",
        "@typescript-eslint/typescript-estree": "8.42.0",
        "@typescript-eslint/utils": "8.42.0",
        "debug": "^4.3.4",
        "ts-api-utils": "^2.1.0"
      },
      "engines": {
        "node": "^18.18.0 || ^20.9.0 || >=21.1.0"
      },
      "funding": {
        "type": "opencollective",
        "url": "https://opencollective.com/typescript-eslint"
      },
      "peerDependencies": {
        "eslint": "^8.57.0 || ^9.0.0",
        "typescript": ">=4.8.4 <6.0.0"
      }
    },
      "version": "1.6.0",
      "resolved": "https://registry.npmjs.org/use-sync-external-store/-/use-sync-external-store-1.6.0.tgz",
      "integrity": "sha512-Pp6GSwGP/NrPIrxVFAIkOQeyw8lFenOHijQWkUTrDvrF4ALqylP2C/KCkeS9dpUM3KvYRQhna5vt7IL95+ZQ9w==",
