      archiver:
        specifier: ^5.3.2
        version: 5.3.2
        specifier: ^5.1.0
        version: 5.1.0
      mime-types:
        specifier: ^2.1.35
        version: 2.1.35
      pdfkit:
        specifier: ^0.15.2
        version: 0.15.2
      tar-stream:
        specifier: ^3.1.7
        version: 3.1.7
      '@types/archiver':
        specifier: ^6.0.3
        version: 6.0.3
      '@types/pdfkit':
        specifier: ^0.13.9
        version: 0.13.9
  '@swc/helpers@0.3.17':
    resolution: {integrity: sha512-tb7Iu+oZ+zWJZ3HJqwx8oNwSDIU440hmVMDPhpACWQWnrZHK99Bxs70gT1L2dnr5Hg50ZRWEFkQCAnOVVV0z1Q==}

  '@types/archiver@6.0.3':
    resolution: {integrity: sha512-a6wUll6k3zX6qs5KlxIggs1P1JcYJaTCx2gnlr+f0S1yd2DoaEwoIK10HmBaLnZwWneBz+JBm0dwcZu0zECBcQ==}

  '@types/pdfkit@0.13.9':
    resolution: {integrity: sha512-RDG8Yb1zT7I01FfpwK7nMSA433XWpblMqSCtA5vJlSyavWZb303HUYPCel6JTiDDFqwGLvtAnYbH8N/e0Cb89g==}

  '@types/readdir-glob@1.1.5':
    resolution: {integrity: sha512-raiuEPUYqXu+nvtY2Pe8s8FEmZ3x5yAH4VkLdihcPdalvsHltomrRC9BzuStrJ9yk06470hS0Crw0f1pXqD+Hg==}

  accepts@2.0.0:
    resolution: {integrity: sha512-5cvg6CtKwfgdmVqY1WIiXKc3Q1bkRqGLi+2W/6ao+6Y7gu/RCwRuAhGEzh5B4KlszSuTLgZYuqFqo5bImjNKng==}
    engines: {node: '>= 0.6'}

  archiver-utils@2.1.0:
    resolution: {integrity: sha512-bEL/yUb/fNNiNTuUz979Z0Yg5L+LzLxGJz8x79lYmR54fmTIb6ob/hNQgkQnIUDWIFjZVQwl9Xs356I6BAMHfw==}
    engines: {node: '>= 6'}

  archiver-utils@3.0.4:
    resolution: {integrity: sha512-KVgf4XQVrTjhyWmx6cte4RxonPLR9onExufI1jhvw/MQ4BB6IsZD5gT8Lq+u/+pRkWna/6JoHpiQioaqFP5Rzw==}
    engines: {node: '>= 10'}

  archiver@5.3.2:
    resolution: {integrity: sha512-+25nxyyznAXF7Nef3y0EbBeqmGZgeN/BxHX29Rs39djAfaFalmQ89SE6CWyDCHzGL0yt/ycBtNOmGTW0FyGWNw==}
    engines: {node: '>= 10'}

  base64-js@0.0.8:
    resolution: {integrity: sha512-3XSA2cR/h/73EzlXXdU6YNycmYI7+kicTxks4eJg2g39biHR84slg2+des+p7iHYhbRg/udIS4TD53WabcOUkw==}
    engines: {node: '>= 0.4'}

  body-parser@2.2.0:
    resolution: {integrity: sha512-02qvAaxv8tp7fBa/mw1ga98OGm+eCbqzJOKoRt70sLmfEEi+jyBYVTDGfCL/k06/4EMk/z01gCe7HoCH/f2LTg==}
    engines: {node: '>=18'}

  brotli@1.3.3:
    resolution: {integrity: sha512-oTKjJdShmDuGW94SyyaoQvAjf30dZaHnjJ8uAF+u2/vGJkJbJPJAT1gDiOJP5v1Zb6f9KEyW/1HpuaWIXtGHPg==}

  clone@2.1.2:
    resolution: {integrity: sha512-3Pe/CF1Nn94hyhIYpjtiLhdCoEoz0DqQ+988E9gmeEdQZlojxnOb74wctFyuwWQHzqyf9X7C7MG8juUpqBJT8w==}
    engines: {node: '>=0.8'}

  compress-commons@4.1.2:
    resolution: {integrity: sha512-D3uMHtGc/fcO1Gt1/L7i1e33VOvD4A9hfQLP+6ewd+BvG/gQ84Yh4oftEhAdjSMgBgwGL+jsppT7JYNpo6MHHg==}
    engines: {node: '>= 10'}

  content-disposition@1.0.0:
    resolution: {integrity: sha512-Au9nRL8VNUut/XSzbQA38+M78dzP4D+eqg3gfJHMIHHYa3bg067xj1KxMUWj+VULbiZMowKngFFbKczUrNJ1mg==}
    engines: {node: '>= 0.6'}

  cookie-signature@1.2.2:
    resolution: {integrity: sha512-D76uU73ulSXrD1UXF4KE2TMxVVwhsnCgfAyTg9k8P6KGZjlXKrOLe4dJQKI3Bxi5wjesZoFXJWElNWBjPZMbhg==}
    engines: {node: '>=6.6.0'}

  crc32-stream@4.0.3:
    resolution: {integrity: sha512-NT7w2JVU7DFroFdYkeq8cywxrgjPHWkdX1wjpRQXPX5Asews3tA+Ght6lddQO5Mkumffp3X7GEqku3epj2toIw==}
    engines: {node: '>= 10'}

  crypto-js@4.2.0:
    resolution: {integrity: sha512-KALDyEYgpY+Rlob/iriUtjV6d5Eq+Y191A5g4UqLAi8CyGP9N1+FdVbkc1SxKc2r4YAYqG8JzO2KGL+AizD70Q==}

  dfa@1.2.0:
    resolution: {integrity: sha512-ED3jP8saaweFTjeGX8HQPjeC1YYyZs98jGNZx6IiBvxW7JG5v492kamAQB3m2wop07CvU/RQmzcKr6bgcC5D/Q==}

  express@5.1.0:
    resolution: {integrity: sha512-DT9ck5YIRU+8GYzzU5kT3eHGA5iL+1Zd0EutOmTE9Dtk+Tvuzd23VBU+ec7HPNSTxXYO55gPV/hq4pSBJDjFpA==}
    engines: {node: '>= 18'}

  finalhandler@2.1.0:
    resolution: {integrity: sha512-/t88Ty3d5JWQbWYgaOGCCYfXRwV1+be02WqYYlL6h0lEiUAMPM8o8qKGO01YIkOHzka2up08wvgYD0mDiI+q3Q==}
    engines: {node: '>= 0.8'}

  fontkit@1.9.0:
    resolution: {integrity: sha512-HkW/8Lrk8jl18kzQHvAw9aTHe1cqsyx5sDnxncx652+CIfhawokEPkeM3BoIC+z/Xv7a0yMr0f3pRRwhGH455g==}

  fresh@2.0.0:
    resolution: {integrity: sha512-Rx/WycZ60HOaqLKAi6cHRKKI7zxWbJ31MhntmtwMoaTeF7XFH9hhBp8vITaMidfljRQ6eYWCKkaTK+ykVJHP2A==}
    engines: {node: '>= 0.8'}

  is-promise@4.0.0:
    resolution: {integrity: sha512-hvpoI6korhJMnej285dSg6nu1+e6uxs7zG3BYAm5byqDsgJNWwxzM6z6iZiAgQR4TJ30JmBTOwqZUw3WlyH3AQ==}

  jpeg-exif@1.1.4:
    resolution: {integrity: sha512-a+bKEcCjtuW5WTdgeXFzswSrdqi0jk4XlEtZlx5A94wCoBpFjfFTbo/Tra5SpNCl/YFZPvcV1dJc+TAYeg6ROQ==}

  linebreak@1.1.0:
    resolution: {integrity: sha512-MHp03UImeVhB7XZtjd0E4n6+3xr5Dq/9xI/5FptGk5FrbDR3zagPa2DS6U8ks/3HjbKWG9Q1M2ufOzxV2qLYSQ==}

  lodash.difference@4.5.0:
    resolution: {integrity: sha512-dS2j+W26TQ7taQBGN8Lbbq04ssV3emRw4NY58WErlTO29pIqS0HmoT5aJ9+TUQ1N3G+JOZSji4eugsWwGp9yPA==}

  lodash.flatten@4.4.0:
    resolution: {integrity: sha512-C5N2Z3DgnnKr0LOpv/hKCgKdb7ZZwafIrsesve6lmzvZIRZRGaZ/l6Q8+2W7NaT+ZwO3fFlSCzCzrDCFdJfZ4g==}

  lodash.union@4.6.0:
    resolution: {integrity: sha512-c4pB2CdGrGdjMKYLA+XiRDO7Y0PRQbm/Gzg8qMj+QH+pFVAoTp5sBpO0odL3FjoPCGjK96p6qsP+yQoiLoOBcw==}

  media-typer@1.1.0:
    resolution: {integrity: sha512-aisnrDP4GNe06UcKFnV5bfMNPBUw4jsLGaWwWfnH3v02GnBuXX2MCVn5RbrWo0j3pczUilYblq7fQ7Nw2t5XKw==}
    engines: {node: '>= 0.8'}

  merge-descriptors@2.0.0:
    resolution: {integrity: sha512-Snk314V5ayFLhp3fkUREub6WtjBfPdCPY1Ln8/8munuLuiYhsABgBVWsozAG+MWMbVEvcdcpbi9R7ww22l9Q3g==}
    engines: {node: '>=18'}

  mime-types@3.0.1:
    resolution: {integrity: sha512-xRc4oEhT6eaBpU1XF7AjpOFD+xQmXNB5OVKwp4tqCuBpHLS/ZbBDrc07mYTDqVMg6PfxUjjNp85O6Cd2Z/5HWA==}
    engines: {node: '>= 0.6'}

  negotiator@1.0.0:
    resolution: {integrity: sha512-8Ofs/AUQh8MaEcrlq5xOX0CQ9ypTF5dl78mjlMNfOK08fzpgTHQRQPBxcPlEtIw0yRpws+Zo/3r+5WRby7u3Gg==}
    engines: {node: '>= 0.6'}

  path-to-regexp@8.3.0:
    resolution: {integrity: sha512-7jdwVIRtsP8MYpdXSwOS0YdD0Du+qOoF/AEPIt88PcCFrZCzx41oxku1jD88hZBwbNUIEfpqvuhjFaMAqMTWnA==}

  pdfkit@0.15.2:
    resolution: {integrity: sha512-s3GjpdBFSCaeDSX/v73MI5UsPqH1kjKut2AXCgxQ5OH10lPVOu5q5vLAG0OCpz/EYqKsTSw1WHpENqMvp43RKg==}

  png-js@1.0.0:
    resolution: {integrity: sha512-k+YsbhpA9e+EFfKjTCH3VW6aoKlyNYI6NYdTfDL4CIvFnvsuO84ttonmZE7rc+v23SLTH8XX+5w/Ak9v0xGY4g==}

  raw-body@3.0.1:
    resolution: {integrity: sha512-9G8cA+tuMS75+6G/TzW8OtLzmBDMo8p1JRxN5AZ+LAp8uxGA8V8GZm4GQ4/N5QNQEnLmg6SS7wyuSmbKepiKqA==}
    engines: {node: '>= 0.10'}

  restructure@2.0.1:
    resolution: {integrity: sha512-e0dOpjm5DseomnXx2M5lpdZ5zoHqF1+bqdMJUohoYVVQa7cBdnk7fdmeI6byNWP/kiME72EeTiSypTCVnpLiDg==}

  router@2.2.0:
    resolution: {integrity: sha512-nLTrUKm2UyiL7rlhapu/Zl45FwNgkZGaCpZbIHajDYgwlJCOzLSk+cIPAnsEqV955GjILJnKbdQC1nVPz+gAYQ==}
    engines: {node: '>= 18'}

  send@1.2.0:
    resolution: {integrity: sha512-uaW0WwXKpL9blXE2o0bRhoL2EGXIrZxQ2ZQ4mgcfoBxdFmQold+qWsD2jLrfZ0trjKL6vOw0j//eAwcALFjKSw==}
    engines: {node: '>= 18'}

  serve-static@2.2.0:
    resolution: {integrity: sha512-61g9pCh0Vnh7IutZjtLGGpTA355+OPn2TyDv/6ivP2h/AdAVX9azsoxmg2/M6nZeQZNYBEwIcsne1mJd9oQItQ==}
    engines: {node: '>= 18'}

  tiny-inflate@1.0.3:
    resolution: {integrity: sha512-pkY1fj1cKHb2seWDy0B16HeWyczlJA9/WW3u3c4z/NiWDsO3DOU5D7nhTLE9CF0yXv/QZFY7sEJmj24dK+Rrqw==}

  type-is@2.0.1:
    resolution: {integrity: sha512-OZs6gsjF4vMp32qrCbiVSkrFmXtG/AZhY3t0iAMrMBiAZyV9oALtXO8hsrHbMXF9x6L3grlFuwW2oAz7cav+Gw==}
    engines: {node: '>= 0.6'}

  unicode-properties@1.4.1:
    resolution: {integrity: sha512-CLjCCLQ6UuMxWnbIylkisbRj31qxHPAurvena/0iwSVbQ2G1VY5/HjV0IRabOEbDHlzZlRdCrD4NhB0JtU40Pg==}

  unicode-trie@2.0.0:
    resolution: {integrity: sha512-x7bc76x0bm4prf1VLg79uhAzKw8DVboClSN5VxJuQ+LKDOVEW9CdH+VY7SP+vX7xCYQqzzgQpFqz15zeLvAtZQ==}

  zip-stream@4.1.1:
    resolution: {integrity: sha512-9qv4rlDiopXg4E69k+vMHjNN63YFMe9sZMrdlvKnCjlCRWeCBswPPMPUfx+ipsAWq1LXHe70RcbaHdJJpS6hyQ==}
    engines: {node: '>= 10'}

      tslib: 2.8.1
      '@types/node': 20.19.17
      '@types/node': 20.19.17
      '@types/node': 20.19.17
  '@swc/helpers@0.3.17':
    dependencies:
      tslib: 2.8.1

      '@types/node': 20.19.17

  '@types/archiver@6.0.3':
    dependencies:
      '@types/readdir-glob': 1.1.5
      '@types/node': 20.19.17
      '@types/node': 20.19.17
      '@types/node': 20.19.17
      '@types/node': 20.19.17
      '@types/node': 20.19.17
      '@types/node': 20.19.17
  '@types/pdfkit@0.13.9':
    dependencies:
      '@types/node': 20.19.17

  '@types/readdir-glob@1.1.5':
    dependencies:
      '@types/node': 20.19.17

  accepts@2.0.0:
    dependencies:
      mime-types: 3.0.1
      negotiator: 1.0.0

  archiver-utils@2.1.0:
    dependencies:
      glob: 7.2.3
      graceful-fs: 4.2.11
      lazystream: 1.0.1
      lodash.defaults: 4.2.0
      lodash.difference: 4.5.0
      lodash.flatten: 4.4.0
      lodash.isplainobject: 4.0.6
      lodash.union: 4.6.0
      normalize-path: 3.0.0
      readable-stream: 2.3.8

  archiver-utils@3.0.4:
    dependencies:
      glob: 7.2.3
      graceful-fs: 4.2.11
      lazystream: 1.0.1
      lodash.defaults: 4.2.0
      lodash.difference: 4.5.0
      lodash.flatten: 4.4.0
      lodash.isplainobject: 4.0.6
      lodash.union: 4.6.0
      normalize-path: 3.0.0
      readable-stream: 3.6.2

  archiver@5.3.2:
    dependencies:
      archiver-utils: 2.1.0
      async: 3.2.6
      buffer-crc32: 0.2.13
      readable-stream: 3.6.2
      readdir-glob: 1.1.3
      tar-stream: 2.2.0
      zip-stream: 4.1.1

  bare-events@2.7.0: {}
  base64-js@0.0.8: {}

  body-parser@2.2.0:
    dependencies:
      bytes: 3.1.2
      content-type: 1.0.5
      debug: 4.4.3
      http-errors: 2.0.0
      iconv-lite: 0.6.3
      on-finished: 2.4.1
      qs: 6.14.0
      raw-body: 3.0.1
      type-is: 2.0.1
    transitivePeerDependencies:
      - supports-color

  brotli@1.3.3:
    dependencies:
      base64-js: 1.5.1

  clone@2.1.2: {}

  compress-commons@4.1.2:
    dependencies:
      buffer-crc32: 0.2.13
      crc32-stream: 4.0.3
      normalize-path: 3.0.0
      readable-stream: 3.6.2

  content-disposition@1.0.0:
    dependencies:
      safe-buffer: 5.2.1

  cookie-signature@1.2.2: {}

  crc32-stream@4.0.3:
    dependencies:
      crc-32: 1.2.2
      readable-stream: 3.6.2

  crypto-js@4.2.0: {}

  dfa@1.2.0: {}

      '@types/node': 20.19.17
  express@5.1.0:
    dependencies:
      accepts: 2.0.0
      body-parser: 2.2.0
      content-disposition: 1.0.0
      content-type: 1.0.5
      cookie: 0.7.2
      cookie-signature: 1.2.2
      debug: 4.4.3
      encodeurl: 2.0.0
      escape-html: 1.0.3
      etag: 1.8.1
      finalhandler: 2.1.0
      fresh: 2.0.0
      http-errors: 2.0.0
      merge-descriptors: 2.0.0
      mime-types: 3.0.1
      on-finished: 2.4.1
      once: 1.4.0
      parseurl: 1.3.3
      proxy-addr: 2.0.7
      qs: 6.14.0
      range-parser: 1.2.1
      router: 2.2.0
      send: 1.2.0
      serve-static: 2.2.0
      statuses: 2.0.1
      type-is: 2.0.1
      vary: 1.1.2
    transitivePeerDependencies:
      - supports-color

  finalhandler@2.1.0:
    dependencies:
      debug: 4.4.3
      encodeurl: 2.0.0
      escape-html: 1.0.3
      on-finished: 2.4.1
      parseurl: 1.3.3
      statuses: 2.0.1
    transitivePeerDependencies:
      - supports-color

  fontkit@1.9.0:
    dependencies:
      '@swc/helpers': 0.3.17
      brotli: 1.3.3
      clone: 2.1.2
      deep-equal: 2.2.3
      dfa: 1.2.0
      restructure: 2.0.1
      tiny-inflate: 1.0.3
      unicode-properties: 1.4.1
      unicode-trie: 2.0.0

  fresh@2.0.0: {}

  is-promise@4.0.0: {}

      '@types/node': 20.19.17
      '@types/node': 20.19.17
      '@types/node': 20.19.17
      '@types/node': 20.19.17
      '@types/node': 20.19.17
      '@types/node': 20.19.17
      '@types/node': 20.19.17
      '@types/node': 20.19.17
  jpeg-exif@1.1.4: {}

  linebreak@1.1.0:
    dependencies:
      base64-js: 0.0.8
      unicode-trie: 2.0.0

  lodash.difference@4.5.0: {}

  lodash.flatten@4.4.0: {}

  lodash.union@4.6.0: {}

  media-typer@1.1.0: {}

  merge-descriptors@2.0.0: {}

  mime-types@3.0.1:
    dependencies:
      mime-db: 1.54.0

  negotiator@1.0.0: {}

  path-to-regexp@8.3.0: {}

  pdfkit@0.15.2:
    dependencies:
      crypto-js: 4.2.0
      fontkit: 1.9.0
      jpeg-exif: 1.1.4
      linebreak: 1.1.0
      png-js: 1.0.0

  png-js@1.0.0: {}

      '@types/node': 20.19.17
  raw-body@3.0.1:
    dependencies:
      bytes: 3.1.2
      http-errors: 2.0.0
      iconv-lite: 0.7.0
      unpipe: 1.0.0

  restructure@2.0.1: {}

  router@2.2.0:
    dependencies:
      debug: 4.4.3
      depd: 2.0.0
      is-promise: 4.0.0
      parseurl: 1.3.3
      path-to-regexp: 8.3.0
    transitivePeerDependencies:
      - supports-color

  send@1.2.0:
    dependencies:
      debug: 4.4.3
      encodeurl: 2.0.0
      escape-html: 1.0.3
      etag: 1.8.1
      fresh: 2.0.0
      http-errors: 2.0.0
      mime-types: 3.0.1
      ms: 2.1.3
      on-finished: 2.4.1
      range-parser: 1.2.1
      statuses: 2.0.1
    transitivePeerDependencies:
      - supports-color

  serve-static@2.2.0:
    dependencies:
      encodeurl: 2.0.0
      escape-html: 1.0.3
      parseurl: 1.3.3
      send: 1.2.0
    transitivePeerDependencies:
      - supports-color

      streamx: 2.23.0
  tiny-inflate@1.0.3: {}

  type-is@2.0.1:
    dependencies:
      content-type: 1.0.5
      media-typer: 1.1.0
      mime-types: 3.0.1

  unicode-properties@1.4.1:
    dependencies:
      base64-js: 1.5.1
      unicode-trie: 2.0.0

  unicode-trie@2.0.0:
    dependencies:
      pako: 0.2.9
      tiny-inflate: 1.0.3

  zip-stream@4.1.1:
    dependencies:
      archiver-utils: 3.0.4
      compress-commons: 4.1.2
      readable-stream: 3.6.2

