        version: 8.6.14(@types/react@19.2.7)(storybook@8.6.14(prettier@3.7.4))
        specifier: ^8.6.14
        version: 8.6.14(storybook@8.6.14(prettier@3.7.4))
        specifier: ^8.6.14
        version: 8.6.14(react@19.2.1)(storybook@8.6.14(prettier@3.7.4))
        specifier: ^8.6.14
        version: 8.6.14(storybook@8.6.14(prettier@3.7.4))
        specifier: ^8.6.14
        version: 8.6.14(react-dom@19.2.1(react@19.2.1))(react@19.2.1)(storybook@8.6.14(prettier@3.7.4))
        specifier: ^8.6.14
        version: 8.6.14(@storybook/test@8.6.14(storybook@8.6.14(prettier@3.7.4)))(react-dom@19.2.1(react@19.2.1))(react@19.2.1)(storybook@8.6.14(prettier@3.7.4))(typescript@5.9.3)
        version: 8.6.14(@storybook/test@8.6.14(storybook@8.6.14(prettier@3.7.4)))(react-dom@19.2.1(react@19.2.1))(react@19.2.1)(rollup@4.53.3)(storybook@8.6.14(prettier@3.7.4))(typescript@5.9.3)(vite@7.2.6(@types/node@24.10.1)(jiti@2.6.1)(lightningcss@1.30.2)(terser@5.44.1)(tsx@4.21.0)(yaml@2.8.2))
        version: 10.1.10(eslint@9.39.1(jiti@2.6.1))(storybook@8.6.14(prettier@3.7.4))(typescript@5.9.3)
        specifier: ^8.6.14
        version: 8.6.14(prettier@3.7.4)
  '@joshwooding/vite-plugin-react-docgen-typescript@0.5.0':
    resolution: {integrity: sha512-qYDdL7fPwLRI+bJNurVcis+tNgJmvWjH4YTBGXTA8xMuxFrnAz6E5o35iyzyKbq5J5Lr8mJGfrR5GXl+WGwhgQ==}
      vite: ^3.0.0 || ^4.0.0 || ^5.0.0 || ^6.0.0
  '@storybook/addon-links@8.6.14':
    resolution: {integrity: sha512-DRlXHIyZzOruAZkxmXfVgTF+4d6K27pFcH4cUsm3KT1AXuZbr23lb5iZHpUZoG6lmU85Sru4xCEgewSTXBIe1w==}
    peerDependencies:
      react: ^16.8.0 || ^17.0.0 || ^18.0.0 || ^19.0.0-beta
      storybook: ^8.6.14
    peerDependenciesMeta:
      react:
        optional: true

  '@storybook/addon-onboarding@8.6.14':
    resolution: {integrity: sha512-bHdHiGJFigVcSzMIsNLHY5IODZHr+nKwyz5/QOZLMkLcGH2IaUbOJfm4RyGOaTTPsUtAKbdsVXNEG3Otf+qO9A==}
      storybook: ^8.6.14
  '@storybook/builder-vite@8.6.14':
    resolution: {integrity: sha512-ajWYhy32ksBWxwWHrjwZzyC0Ii5ZTeu5lsqA95Q/EQBB0P5qWlHWGM3AVyv82Mz/ND03ebGy123uVwgf6olnYQ==}
      storybook: ^8.6.14
      vite: ^4.0.0 || ^5.0.0 || ^6.0.0
  '@storybook/components@8.6.14':
    resolution: {integrity: sha512-HNR2mC5I4Z5ek8kTrVZlIY/B8gJGs5b3XdZPBPBopTIN6U/YHXiDyOjY3JlaS4fSG1fVhp/Qp1TpMn1w/9m1pw==}
      storybook: ^8.2.0 || ^8.3.0-0 || ^8.4.0-0 || ^8.5.0-0 || ^8.6.0-0
  '@storybook/core@8.6.14':
    resolution: {integrity: sha512-1P/w4FSNRqP8j3JQBOi3yGt8PVOgSRbP66Ok520T78eJBeqx9ukCfl912PQZ7SPbW3TIunBwLXMZOjZwBB/JmA==}
      prettier: ^2 || ^3
      prettier:
  '@storybook/manager-api@8.6.14':
    resolution: {integrity: sha512-ez0Zihuy17udLbfHZQXkGqwtep0mSGgHcNzGN7iZrMP1m+VmNo+7aGCJJdvXi7+iU3yq8weXSQFWg5DqWgLS7g==}
    peerDependencies:
      storybook: ^8.2.0 || ^8.3.0-0 || ^8.4.0-0 || ^8.5.0-0 || ^8.6.0-0
  '@storybook/preview-api@8.6.14':
    resolution: {integrity: sha512-2GhcCd4dNMrnD7eooEfvbfL4I83qAqEyO0CO7JQAmIO6Rxb9BsOLLI/GD5HkvQB73ArTJ+PT50rfaO820IExOQ==}
    peerDependencies:
      storybook: ^8.2.0 || ^8.3.0-0 || ^8.4.0-0 || ^8.5.0-0 || ^8.6.0-0
  '@storybook/react-vite@8.6.14':
    resolution: {integrity: sha512-FZU0xMPxa4/TO87FgcWwappOxLBHZV5HSRK5K+2bJD7rFJAoNorbHvB4Q1zvIAk7eCMjkr2GPCPHx9PRB9vJFg==}
    engines: {node: '>=18.0.0'}
      '@storybook/test': 8.6.14
      react: ^16.8.0 || ^17.0.0 || ^18.0.0 || ^19.0.0-beta
      react-dom: ^16.8.0 || ^17.0.0 || ^18.0.0 || ^19.0.0-beta
      storybook: ^8.6.14
      vite: ^4.0.0 || ^5.0.0 || ^6.0.0
    peerDependenciesMeta:
      '@storybook/test':
        optional: true
  '@storybook/react@8.6.14':
    resolution: {integrity: sha512-BOepx5bBFwl/CPI+F+LnmMmsG1wQYmrX/UQXgUbHQUU9Tj7E2ndTnNbpIuSLc8IrM03ru+DfwSg1Co3cxWtT+g==}
    engines: {node: '>=18.0.0'}
    peerDependencies:
      '@storybook/test': 8.6.14
      react: ^16.8.0 || ^17.0.0 || ^18.0.0 || ^19.0.0-beta
      react-dom: ^16.8.0 || ^17.0.0 || ^18.0.0 || ^19.0.0-beta
      storybook: ^8.6.14
      typescript: '>= 4.2.x'
    peerDependenciesMeta:
      '@storybook/test':
        optional: true
      typescript:
        optional: true
  '@storybook/theming@8.6.14':
    resolution: {integrity: sha512-r4y+LsiB37V5hzpQo+BM10PaCsp7YlZ0YcZzQP1OCkPlYXmUAFy2VvDKaFRpD8IeNPKug2u4iFm/laDEbs03dg==}
      storybook: ^8.2.0 || ^8.3.0-0 || ^8.4.0-0 || ^8.5.0-0 || ^8.6.0-0
  better-opn@3.0.2:
    resolution: {integrity: sha512-aVNobHnJqLiUelTaHat9DZ1qM2w0C0Eym4LPI/3JxOnSokGVdsl1T1kN7TFvsEAD8G47A6VKQ0TVHqbBnYMJlQ==}
    engines: {node: '>=12.0.0'}

  browser-assert@1.2.1:
    resolution: {integrity: sha512-nfulgvOR6S4gt9UKCeGJOuSGBPGiFT6oQ/2UBnvTY/5aQ1PnksW72fhZkM30DzoRRv2WpwZf1vHHEr3mtuXIWQ==}

  jsdoc-type-pratt-parser@4.8.0:
    resolution: {integrity: sha512-iZ8Bdb84lWRuGHamRXFyML07r21pcwBrLkHEuHgEY5UbCouBwv7ECknDRKzsQIXMiqpPymqtIf8TC/shYKB5rw==}
    engines: {node: '>=12.0.0'}

  magic-string@0.27.0:
    resolution: {integrity: sha512-8UnnX2PeRAPZuN12svgR9j7M1uWMovg/CEnIwIG0LFkXSJJe4PdfUGiTGl8V9bsBHFUtfVINcSyYxd7q+kx9fA==}
    engines: {node: '>=12'}

  send@0.19.2:
    resolution: {integrity: sha512-VMbMxbDeehAxpOtWJXlcUS5E8iXh6QmN+BkRX1GARS3wRaXEEgzCcB10gTQazO42tpNIya8xIyNx8fll1OFPrg==}
    engines: {node: '>= 0.8.0'}

  serve-static@1.16.3:
    resolution: {integrity: sha512-x0RTqQel6g5SY7Lg6ZreMmsOzncHFU7nhnRWkKgWuMTu5NN0DR5oruckMqRvacAN9d5w6ARnRBXl9xhDCgfMeA==}
    engines: {node: '>= 0.8.0'}

  storybook@8.6.14:
    resolution: {integrity: sha512-sVKbCj/OTx67jhmauhxc2dcr1P+yOgz/x3h0krwjyMgdc5Oubvxyg4NYDZmzAw+ym36g/lzH8N0Ccp4dwtdfxw==}
    hasBin: true
    peerDependencies:
      prettier: ^2 || ^3
    peerDependenciesMeta:
      prettier:
        optional: true

  '@joshwooding/vite-plugin-react-docgen-typescript@0.5.0(typescript@5.9.3)(vite@7.2.6(@types/node@24.10.1)(jiti@2.6.1)(lightningcss@1.30.2)(terser@5.44.1)(tsx@4.21.0)(yaml@2.8.2))':
      glob: 10.5.0
      magic-string: 0.27.0
      serve-static: 1.16.3
  '@storybook/addon-actions@8.6.14(storybook@8.6.14(prettier@3.7.4))':
    dependencies:
      '@storybook/global': 5.0.0
      '@types/uuid': 9.0.8
      dequal: 2.0.3
      polished: 4.3.1
      storybook: 8.6.14(prettier@3.7.4)
      uuid: 9.0.1

  '@storybook/addon-backgrounds@8.6.14(storybook@8.6.14(prettier@3.7.4))':
    dependencies:
      '@storybook/global': 5.0.0
      memoizerific: 1.11.3
      storybook: 8.6.14(prettier@3.7.4)
      ts-dedent: 2.2.0

  '@storybook/addon-controls@8.6.14(storybook@8.6.14(prettier@3.7.4))':
    dependencies:
      '@storybook/global': 5.0.0
      dequal: 2.0.3
      storybook: 8.6.14(prettier@3.7.4)
      ts-dedent: 2.2.0

  '@storybook/addon-docs@8.6.14(@types/react@19.2.7)(storybook@8.6.14(prettier@3.7.4))':
    dependencies:
      '@mdx-js/react': 3.1.1(@types/react@19.2.7)(react@19.2.1)
      '@storybook/blocks': 8.6.14(react-dom@19.2.1(react@19.2.1))(react@19.2.1)(storybook@8.6.14(prettier@3.7.4))
      '@storybook/csf-plugin': 8.6.14(storybook@8.6.14(prettier@3.7.4))
      '@storybook/react-dom-shim': 8.6.14(react-dom@19.2.1(react@19.2.1))(react@19.2.1)(storybook@8.6.14(prettier@3.7.4))
      react: 19.2.1
      react-dom: 19.2.1(react@19.2.1)
      storybook: 8.6.14(prettier@3.7.4)
      ts-dedent: 2.2.0
    transitivePeerDependencies:
      - '@types/react'

  '@storybook/addon-essentials@8.6.14(@types/react@19.2.7)(storybook@8.6.14(prettier@3.7.4))':
    dependencies:
      '@storybook/addon-actions': 8.6.14(storybook@8.6.14(prettier@3.7.4))
      '@storybook/addon-backgrounds': 8.6.14(storybook@8.6.14(prettier@3.7.4))
      '@storybook/addon-controls': 8.6.14(storybook@8.6.14(prettier@3.7.4))
      '@storybook/addon-docs': 8.6.14(@types/react@19.2.7)(storybook@8.6.14(prettier@3.7.4))
      '@storybook/addon-highlight': 8.6.14(storybook@8.6.14(prettier@3.7.4))
      '@storybook/addon-measure': 8.6.14(storybook@8.6.14(prettier@3.7.4))
      '@storybook/addon-outline': 8.6.14(storybook@8.6.14(prettier@3.7.4))
      '@storybook/addon-toolbars': 8.6.14(storybook@8.6.14(prettier@3.7.4))
      '@storybook/addon-viewport': 8.6.14(storybook@8.6.14(prettier@3.7.4))
      storybook: 8.6.14(prettier@3.7.4)
      ts-dedent: 2.2.0
    transitivePeerDependencies:
      - '@types/react'

  '@storybook/addon-highlight@8.6.14(storybook@8.6.14(prettier@3.7.4))':
      storybook: 8.6.14(prettier@3.7.4)
  '@storybook/addon-interactions@8.6.14(storybook@8.6.14(prettier@3.7.4))':
    dependencies:
      '@storybook/global': 5.0.0
      '@storybook/instrumenter': 8.6.14(storybook@8.6.14(prettier@3.7.4))
      '@storybook/test': 8.6.14(storybook@8.6.14(prettier@3.7.4))
      polished: 4.3.1
      storybook: 8.6.14(prettier@3.7.4)
      ts-dedent: 2.2.0

  '@storybook/addon-links@8.6.14(react@19.2.1)(storybook@8.6.14(prettier@3.7.4))':
    dependencies:
      '@storybook/global': 5.0.0
      storybook: 8.6.14(prettier@3.7.4)
      ts-dedent: 2.2.0
    optionalDependencies:
      react: 19.2.1

  '@storybook/addon-measure@8.6.14(storybook@8.6.14(prettier@3.7.4))':
      '@storybook/global': 5.0.0
      storybook: 8.6.14(prettier@3.7.4)
      tiny-invariant: 1.3.3

  '@storybook/addon-onboarding@8.6.14(storybook@8.6.14(prettier@3.7.4))':
    dependencies:
      storybook: 8.6.14(prettier@3.7.4)
  '@storybook/addon-outline@8.6.14(storybook@8.6.14(prettier@3.7.4))':
    dependencies:
      '@storybook/global': 5.0.0
      storybook: 8.6.14(prettier@3.7.4)
      ts-dedent: 2.2.0

  '@storybook/addon-toolbars@8.6.14(storybook@8.6.14(prettier@3.7.4))':
    dependencies:
      storybook: 8.6.14(prettier@3.7.4)

  '@storybook/addon-viewport@8.6.14(storybook@8.6.14(prettier@3.7.4))':
      storybook: 8.6.14(prettier@3.7.4)
  '@storybook/blocks@8.6.14(react-dom@19.2.1(react@19.2.1))(react@19.2.1)(storybook@8.6.14(prettier@3.7.4))':
      '@storybook/icons': 1.6.0(react-dom@19.2.1(react@19.2.1))(react@19.2.1)
      storybook: 8.6.14(prettier@3.7.4)
      ts-dedent: 2.2.0
    optionalDependencies:
      react: 19.2.1
      react-dom: 19.2.1(react@19.2.1)

  '@storybook/builder-vite@8.6.14(storybook@8.6.14(prettier@3.7.4))(vite@7.2.6(@types/node@24.10.1)(jiti@2.6.1)(lightningcss@1.30.2)(terser@5.44.1)(tsx@4.21.0)(yaml@2.8.2))':
    dependencies:
      '@storybook/csf-plugin': 8.6.14(storybook@8.6.14(prettier@3.7.4))
      browser-assert: 1.2.1
      storybook: 8.6.14(prettier@3.7.4)
  '@storybook/components@8.6.14(storybook@8.6.14(prettier@3.7.4))':
      storybook: 8.6.14(prettier@3.7.4)
  '@storybook/core@8.6.14(prettier@3.7.4)(storybook@8.6.14(prettier@3.7.4))':
      '@storybook/theming': 8.6.14(storybook@8.6.14(prettier@3.7.4))
      better-opn: 3.0.2
      browser-assert: 1.2.1
      esbuild: 0.25.12
      esbuild-register: 3.6.0(esbuild@0.25.12)
      jsdoc-type-pratt-parser: 4.8.0
      process: 0.11.10
      recast: 0.23.11
      semver: 7.7.3
      util: 0.12.5
      ws: 8.18.3
      prettier: 3.7.4
    transitivePeerDependencies:
      - bufferutil
      - storybook
      - supports-color
      - utf-8-validate
  '@storybook/csf-plugin@8.6.14(storybook@8.6.14(prettier@3.7.4))':
      storybook: 8.6.14(prettier@3.7.4)
      unplugin: 1.16.1
  '@storybook/instrumenter@8.6.14(storybook@8.6.14(prettier@3.7.4))':
      '@vitest/utils': 2.1.9
      storybook: 8.6.14(prettier@3.7.4)

  '@storybook/manager-api@8.6.14(storybook@8.6.14(prettier@3.7.4))':
    dependencies:
      storybook: 8.6.14(prettier@3.7.4)
  '@storybook/preview-api@8.6.14(storybook@8.6.14(prettier@3.7.4))':
      storybook: 8.6.14(prettier@3.7.4)
  '@storybook/react-dom-shim@8.6.14(react-dom@19.2.1(react@19.2.1))(react@19.2.1)(storybook@8.6.14(prettier@3.7.4))':
    dependencies:
      react: 19.2.1
      react-dom: 19.2.1(react@19.2.1)
      storybook: 8.6.14(prettier@3.7.4)

  '@storybook/react-vite@8.6.14(@storybook/test@8.6.14(storybook@8.6.14(prettier@3.7.4)))(react-dom@19.2.1(react@19.2.1))(react@19.2.1)(rollup@4.53.3)(storybook@8.6.14(prettier@3.7.4))(typescript@5.9.3)(vite@7.2.6(@types/node@24.10.1)(jiti@2.6.1)(lightningcss@1.30.2)(terser@5.44.1)(tsx@4.21.0)(yaml@2.8.2))':
      '@joshwooding/vite-plugin-react-docgen-typescript': 0.5.0(typescript@5.9.3)(vite@7.2.6(@types/node@24.10.1)(jiti@2.6.1)(lightningcss@1.30.2)(terser@5.44.1)(tsx@4.21.0)(yaml@2.8.2))
      '@storybook/builder-vite': 8.6.14(storybook@8.6.14(prettier@3.7.4))(vite@7.2.6(@types/node@24.10.1)(jiti@2.6.1)(lightningcss@1.30.2)(terser@5.44.1)(tsx@4.21.0)(yaml@2.8.2))
      '@storybook/react': 8.6.14(@storybook/test@8.6.14(storybook@8.6.14(prettier@3.7.4)))(react-dom@19.2.1(react@19.2.1))(react@19.2.1)(storybook@8.6.14(prettier@3.7.4))(typescript@5.9.3)
      find-up: 5.0.0
      react-docgen: 7.1.1
      storybook: 8.6.14(prettier@3.7.4)
    optionalDependencies:
      '@storybook/test': 8.6.14(storybook@8.6.14(prettier@3.7.4))
  '@storybook/react@8.6.14(@storybook/test@8.6.14(storybook@8.6.14(prettier@3.7.4)))(react-dom@19.2.1(react@19.2.1))(react@19.2.1)(storybook@8.6.14(prettier@3.7.4))(typescript@5.9.3)':
      '@storybook/components': 8.6.14(storybook@8.6.14(prettier@3.7.4))
      '@storybook/global': 5.0.0
      '@storybook/manager-api': 8.6.14(storybook@8.6.14(prettier@3.7.4))
      '@storybook/preview-api': 8.6.14(storybook@8.6.14(prettier@3.7.4))
      '@storybook/react-dom-shim': 8.6.14(react-dom@19.2.1(react@19.2.1))(react@19.2.1)(storybook@8.6.14(prettier@3.7.4))
      '@storybook/theming': 8.6.14(storybook@8.6.14(prettier@3.7.4))
      react: 19.2.1
      react-dom: 19.2.1(react@19.2.1)
      storybook: 8.6.14(prettier@3.7.4)
    optionalDependencies:
      '@storybook/test': 8.6.14(storybook@8.6.14(prettier@3.7.4))
      typescript: 5.9.3
  '@storybook/test@8.6.14(storybook@8.6.14(prettier@3.7.4))':
    dependencies:
      '@storybook/global': 5.0.0
      '@storybook/instrumenter': 8.6.14(storybook@8.6.14(prettier@3.7.4))
      '@testing-library/dom': 10.4.0
      '@testing-library/jest-dom': 6.5.0
      '@testing-library/user-event': 14.5.2(@testing-library/dom@10.4.0)
      '@vitest/expect': 2.0.5
      '@vitest/spy': 2.0.5
      storybook: 8.6.14(prettier@3.7.4)

  '@storybook/theming@8.6.14(storybook@8.6.14(prettier@3.7.4))':
      storybook: 8.6.14(prettier@3.7.4)
  better-opn@3.0.2:
    dependencies:
      open: 8.4.2

  browser-assert@1.2.1: {}

  esbuild-register@3.6.0(esbuild@0.25.12):
      esbuild: 0.25.12
  eslint-plugin-storybook@10.1.10(eslint@9.39.1(jiti@2.6.1))(storybook@8.6.14(prettier@3.7.4))(typescript@5.9.3):
      storybook: 8.6.14(prettier@3.7.4)
  jsdoc-type-pratt-parser@4.8.0: {}

  magic-string@0.27.0:
    dependencies:
      '@jridgewell/sourcemap-codec': 1.5.5

  send@0.19.2:
    dependencies:
      debug: 2.6.9
      depd: 2.0.0
      destroy: 1.2.0
      encodeurl: 2.0.0
      escape-html: 1.0.3
      etag: 1.8.1
      fresh: 0.5.2
      http-errors: 2.0.1
      mime: 1.6.0
      ms: 2.1.3
      on-finished: 2.4.1
      range-parser: 1.2.1
      statuses: 2.0.2
    transitivePeerDependencies:
      - supports-color

  serve-static@1.16.3:
    dependencies:
      encodeurl: 2.0.0
      escape-html: 1.0.3
      parseurl: 1.3.3
      send: 0.19.2
    transitivePeerDependencies:
      - supports-color

  storybook@8.6.14(prettier@3.7.4):
    dependencies:
      '@storybook/core': 8.6.14(prettier@3.7.4)(storybook@8.6.14(prettier@3.7.4))
    optionalDependencies:
      prettier: 3.7.4
    transitivePeerDependencies:
      - bufferutil
      - supports-color
      - utf-8-validate

