golang.org/x/crypto v0.42.0 h1:chiH31gIWm57EkTXpwnqf8qeuMUi0yekh6mT2AvFlqI=
golang.org/x/crypto v0.42.0/go.mod h1:4+rDnOTJhQCx2q7/j6rAN5XDw8kPjeaXEUR2eL94ix8=
gonum.org/v1/gonum v0.16.0 h1:5+ul4Swaf3ESvrOnidPp4GZbzf0mxVQpDCYUQE7OJfk=
gonum.org/v1/gonum v0.16.0/go.mod h1:fef3am4MQ93R2HHpKnLk4/Tbh/s0+wqD5nfa6Pnwy4E=
