lockfileVersion: '9.0'

settings:
  autoInstallPeers: true
  excludeLinksFromLockfile: false

importers:

  .:
    dependencies:
      '@intelgraph/audio-synthesis':
        specifier: workspace:*
        version: link:../audio-synthesis
      '@intelgraph/common-types':
        specifier: workspace:*
        version: link:../common-types
      '@intelgraph/image-synthesis':
        specifier: workspace:*
        version: link:../image-synthesis
      '@intelgraph/synthetic-data':
        specifier: workspace:*
        version: link:../synthetic-data
      '@intelgraph/text-generation':
        specifier: workspace:*
        version: link:../text-generation
