dependencies:
- name: postgresql
  repository: https://charts.bitnami.com/bitnami
  version: 12.12.10
- name: redis
  repository: https://charts.bitnami.com/bitnami
  version: 18.6.4
- name: neo4j
  repository: https://helm.neo4j.com/neo4j
  version: 5.12.0
digest: sha256:68524936dcd162334d06f078dd14abf467704dccf22cb7257067d68a482aec3d
generated: "2025-09-20T19:06:00.940292-06:00"
