{
  "name": "webapp",
  "version": "4.2.3",
  "lockfileVersion": 3,
  "requires": true,
  "packages": {
    "": {
      "name": "webapp",
      "version": "4.2.3",
      "dependencies": {
        "hono": "^4.12.4"
      },
      "devDependencies": {
        "prettier": "^3.3.3"
      }
    },
    "node_modules/hono": {
      "version": "4.12.4",
      "resolved": "https://registry.npmjs.org/hono/-/hono-4.12.4.tgz",
      "integrity": "sha512-ooiZW1Xy8rQ4oELQ++otI2T9DsKpV0M6c6cO6JGx4RTfav9poFFLlet9UMXHZnoM1yG0HWGlQLswBGX3RZmHtg==",
      "license": "MIT",
      "engines": {
        "node": ">=16.9.0"
      }
    },
    "node_modules/prettier": {
      "version": "3.6.2",
      "resolved": "https://registry.npmjs.org/prettier/-/prettier-3.6.2.tgz",
      "integrity": "sha512-I7AIg5boAr5R0FFtJ6rCfD+LFsWHp81dolrFD8S79U9tb8Az2nGrJncnMSnys+bpQJfRUzqs9hnA81OAA3hCuQ==",
      "dev": true,
      "license": "MIT",
      "bin": {
        "prettier": "bin/prettier.cjs"
      },
      "engines": {
        "node": ">=14"
      },
      "funding": {
        "url": "https://github.com/prettier/prettier?sponsor=1"
      }
    }
  }
}
