lockfileVersion: '9.0'

settings:
  autoInstallPeers: true
  excludeLinksFromLockfile: false

importers:

  .:
    dependencies:
      expr-eval:
        specifier: ^2.0.2
        version: 2.0.2
      lodash:
        specifier: ^4.17.21
        version: 4.17.21
      uuid:
        specifier: ^13.0.0
        version: 13.0.0
    devDependencies:
      '@types/lodash':
        specifier: ^4.14.202
        version: 4.17.21
      '@types/node':
        specifier: ^24.10.1
        version: 24.10.4
      '@types/uuid':
        specifier: ^11.0.0
        version: 11.0.0
      typescript:
        specifier: ^5.9.3
        version: 5.9.3

packages:

  '@types/lodash@4.17.21':
    resolution: {integrity: sha512-FOvQ0YPD5NOfPgMzJihoT+Za5pdkDJWcbpuj1DjaKZIr/gxodQjY/uWEFlTNqW2ugXHUiL8lRQgw63dzKHZdeQ==}

  '@types/node@24.10.4':
    resolution: {integrity: sha512-vnDVpYPMzs4wunl27jHrfmwojOGKya0xyM3sH+UE5iv5uPS6vX7UIoh6m+vQc5LGBq52HBKPIn/zcSZVzeDEZg==}

  '@types/uuid@11.0.0':
    resolution: {integrity: sha512-HVyk8nj2m+jcFRNazzqyVKiZezyhDKrGUA3jlEcg/nZ6Ms+qHwocba1Y/AaVaznJTAM9xpdFSh+ptbNrhOGvZA==}
    deprecated: This is a stub types definition. uuid provides its own type definitions, so you do not need this installed.

  expr-eval@2.0.2:
    resolution: {integrity: sha512-4EMSHGOPSwAfBiibw3ndnP0AvjDWLsMvGOvWEZ2F96IGk0bIVdjQisOHxReSkE13mHcfbuCiXw+G4y0zv6N8Eg==}

  lodash@4.17.21:
    resolution: {integrity: sha512-v2kDEe57lecTulaDIuNTPy3Ry4gLGJ6Z1O3vE1krgXZNrsQ+LFTGHVxVjcXPs17LhbZVGedAJv8XZ1tvj5FvSg==}

  typescript@5.9.3:
    resolution: {integrity: sha512-jl1vZzPDinLr9eUt3J/t7V6FgNEw9QjvBPdysz9KfQDD41fQrC2Y4vKQdiaUpFT4bXlb1RHhLpp8wtm6M5TgSw==}
    engines: {node: '>=14.17'}
    hasBin: true

  undici-types@7.16.0:
    resolution: {integrity: sha512-Zz+aZWSj8LE6zoxD+xrjh4VfkIG8Ya6LvYkZqtUQGJPZjYl53ypCaUwWqo7eI0x66KBGeRo+mlBEkMSeSZ38Nw==}

  uuid@13.0.0:
    resolution: {integrity: sha512-XQegIaBTVUjSHliKqcnFqYypAd4S+WCYt5NIeRs6w/UAry7z8Y9j5ZwRRL4kzq9U3sD6v+85er9FvkEaBpji2w==}
    hasBin: true

snapshots:

  '@types/lodash@4.17.21': {}

  '@types/node@24.10.4':
    dependencies:
      undici-types: 7.16.0

  '@types/uuid@11.0.0':
    dependencies:
      uuid: 13.0.0

  expr-eval@2.0.2: {}

  lodash@4.17.21: {}

  typescript@5.9.3: {}

  undici-types@7.16.0: {}

  uuid@13.0.0: {}
